{
  "name": "void-remote-control",
  "version": "1.0.0",
  "lockfileVersion": 3,
  "requires": true,
  "packages": {
    "": {
      "name": "void-remote-control",
      "version": "1.0.0",
      "dependencies": {
        "@mediapipe/tasks-vision": "^0.10.18"
      }
    },
    "node_modules/@mediapipe/tasks-vision": {
      "version": "0.10.33",
      "resolved": "https://registry.npmjs.org/@mediapipe/tasks-vision/-/tasks-vision-0.10.33.tgz",
      "integrity": "sha512-Hh41r6ezzz6aeT1e3aJHjLaeVKtz7yhHLjVMQpoxg2fEgA8HRByS2KNMU28ahtDjJRJNCyDHWb2tJWVAyshyMw==",
      "license": "Apache-2.0"
    }
  }
}
